<?xml version="1.0" encoding="UTF-8" standalone="yes" ?>
<CodeBlocks_project_file>
	<FileVersion major="1" minor="6" />
	<Project>
		<Option title="Sort_comparison" />
		<Option pch_mode="2" />
		<Option compiler="gcc" />
		<Build>
			<Target title="Debug">
				<Option output="bin/Debug/Sort_comparison" prefix_auto="1" extension_auto="1" />
				<Option object_output="obj/Debug/" />
				<Option type="1" />
				<Option compiler="gcc" />
				<Compiler>
					<Add option="-g" />
				</Compiler>
			</Target>
		</Build>
		<Compiler>
			<Add option="-Wall" />
		</Compiler>
		<Unit filename="../Searching/file_input.c">
			<Option compilerVar="CC" />
		</Unit>
		<Unit filename="../Searching/file_read.c">
			<Option compilerVar="CC" />
		</Unit>
		<Unit filename="../Searching/quickSort.c">
			<Option compilerVar="CC" />
		</Unit>
		<Unit filename="heap_sort.c">
			<Option compilerVar="CC" />
		</Unit>
		<Unit filename="insertion_sort.c">
			<Option compilerVar="CC" />
		</Unit>
		<Unit filename="main.c">
			<Option compilerVar="CC" />
		</Unit>
		<Unit filename="merge_sort.c">
			<Option compilerVar="CC" />
		</Unit>
		<Extensions>
			<lib_finder disable_auto="1" />
		</Extensions>
	</Project>
</CodeBlocks_project_file>
